// !$*UTF8*$!
{
	archiveVersion = 1;
	classes = {
	};
	objectVersion = 46;
	objects = {

/* Begin PBXAggregateTarget section */
		0FFAA3DD53514353BC75A639 /* ZERO_CHECK */ = {
			isa = PBXAggregateTarget;
			buildConfigurationList = 2910DBFB64EA45E68841E768 /* Build configuration list for PBXAggregateTarget "ZERO_CHECK" */;
			buildPhases = (
				90264F5732AD4536B3194B3A /* CMake Rules */,
			);
			dependencies = (
			);
			name = ZERO_CHECK;
			productName = ZERO_CHECK;
		};
		2914792646A142299FEA47FE /* ALL_BUILD */ = {
			isa = PBXAggregateTarget;
			buildConfigurationList = 5830E8F64A1949FC8A6CE66E /* Build configuration list for PBXAggregateTarget "ALL_BUILD" */;
			buildPhases = (
				C50944A5EE764AAAAA655791 /* CMake Rules */,
			);
			dependencies = (
				CF1E605A477C4B99B14E18F8 /* PBXTargetDependency */,
				E1DEBA4A5C9246758D6DE987 /* PBXTargetDependency */,
			);
			name = ALL_BUILD;
			productName = ALL_BUILD;
		};
/* End PBXAggregateTarget section */

/* Begin PBXBuildFile section */
		39C3E7792472F69E001AD0CC /* Show.cpp in Sources */ = {isa = PBXBuildFile; fileRef = 39C3E76D2472F69E001AD0CC /* Show.cpp */; };
		39C3E77A2472F69E001AD0CC /* pch.cpp in Sources */ = {isa = PBXBuildFile; fileRef = 39C3E76E2472F69E001AD0CC /* pch.cpp */; };
		39C3E77B2472F69E001AD0CC /* classHeader.cpp in Sources */ = {isa = PBXBuildFile; fileRef = 39C3E7702472F69E001AD0CC /* classHeader.cpp */; };
		39C3E77C2472F69E001AD0CC /* log.cpp in Sources */ = {isa = PBXBuildFile; fileRef = 39C3E7712472F69E001AD0CC /* log.cpp */; };
		39C3E77D2472F69E001AD0CC /* functional.cpp in Sources */ = {isa = PBXBuildFile; fileRef = 39C3E7722472F69E001AD0CC /* functional.cpp */; };
		39C3E77E2472F69E001AD0CC /* main_stack.cpp in Sources */ = {isa = PBXBuildFile; fileRef = 39C3E7742472F69E001AD0CC /* main_stack.cpp */; };
		39C3E77F2472F69E001AD0CC /* Maybe.cpp in Sources */ = {isa = PBXBuildFile; fileRef = 39C3E7772472F69E001AD0CC /* Maybe.cpp */; };
		9C01892AD87F437FB1E1D7B9 /* main.cpp in Sources */ = {isa = PBXBuildFile; fileRef = 97F453A6BD8B41F0A1DE6F96 /* main.cpp */; };
/* End PBXBuildFile section */

/* Begin PBXContainerItemProxy section */
		9DAC30DBC7774AB9B23C6F98 /* PBXContainerItemProxy */ = {
			isa = PBXContainerItemProxy;
			containerPortal = 252492CFEF0545BA859C3ACD /* Project object */;
			proxyType = 1;
			remoteGlobalIDString = 0FFAA3DD53514353BC75A639;
			remoteInfo = ZERO_CHECK;
		};
		C1B443BBC1634998BBB06571 /* PBXContainerItemProxy */ = {
			isa = PBXContainerItemProxy;
			containerPortal = 252492CFEF0545BA859C3ACD /* Project object */;
			proxyType = 1;
			remoteGlobalIDString = 0FFAA3DD53514353BC75A639;
			remoteInfo = ZERO_CHECK;
		};
		CC7A31FA7CE04DBFAE5A5112 /* PBXContainerItemProxy */ = {
			isa = PBXContainerItemProxy;
			containerPortal = 252492CFEF0545BA859C3ACD /* Project object */;
			proxyType = 1;
			remoteGlobalIDString = 316BE6B015004986B48DDD1A;
			remoteInfo = helloworld;
		};
/* End PBXContainerItemProxy section */

/* Begin PBXFileReference section */
		0154611BB7DA42FF931A5E41 /* CMakeLists.txt */ = {isa = PBXFileReference; explicitFileType = sourcecode.text; fileEncoding = 4; lastKnownFileType = text; path = CMakeLists.txt; sourceTree = SOURCE_ROOT; };
		39C3E7692472F69E001AD0CC /* classHeader.hpp */ = {isa = PBXFileReference; fileEncoding = 4; lastKnownFileType = sourcecode.cpp.h; path = classHeader.hpp; sourceTree = "<group>"; };
		39C3E76A2472F69E001AD0CC /* Show.h */ = {isa = PBXFileReference; fileEncoding = 4; lastKnownFileType = sourcecode.c.h; path = Show.h; sourceTree = "<group>"; };
		39C3E76B2472F69E001AD0CC /* pch.h */ = {isa = PBXFileReference; fileEncoding = 4; lastKnownFileType = sourcecode.c.h; path = pch.h; sourceTree = "<group>"; };
		39C3E76C2472F69E001AD0CC /* log.hpp */ = {isa = PBXFileReference; fileEncoding = 4; lastKnownFileType = sourcecode.cpp.h; path = log.hpp; sourceTree = "<group>"; };
		39C3E76D2472F69E001AD0CC /* Show.cpp */ = {isa = PBXFileReference; fileEncoding = 4; lastKnownFileType = sourcecode.cpp.cpp; path = Show.cpp; sourceTree = "<group>"; };
		39C3E76E2472F69E001AD0CC /* pch.cpp */ = {isa = PBXFileReference; fileEncoding = 4; lastKnownFileType = sourcecode.cpp.cpp; path = pch.cpp; sourceTree = "<group>"; };
		39C3E76F2472F69E001AD0CC /* Maybe.hpp */ = {isa = PBXFileReference; fileEncoding = 4; lastKnownFileType = sourcecode.cpp.h; path = Maybe.hpp; sourceTree = "<group>"; };
		39C3E7702472F69E001AD0CC /* classHeader.cpp */ = {isa = PBXFileReference; fileEncoding = 4; lastKnownFileType = sourcecode.cpp.cpp; path = classHeader.cpp; sourceTree = "<group>"; };
		39C3E7712472F69E001AD0CC /* log.cpp */ = {isa = PBXFileReference; fileEncoding = 4; lastKnownFileType = sourcecode.cpp.cpp; path = log.cpp; sourceTree = "<group>"; };
		39C3E7722472F69E001AD0CC /* functional.cpp */ = {isa = PBXFileReference; fileEncoding = 4; lastKnownFileType = sourcecode.cpp.cpp; path = functional.cpp; sourceTree = "<group>"; };
		39C3E7732472F69E001AD0CC /* Comparable.h */ = {isa = PBXFileReference; fileEncoding = 4; lastKnownFileType = sourcecode.c.h; path = Comparable.h; sourceTree = "<group>"; };
		39C3E7742472F69E001AD0CC /* main_stack.cpp */ = {isa = PBXFileReference; fileEncoding = 4; lastKnownFileType = sourcecode.cpp.cpp; path = main_stack.cpp; sourceTree = "<group>"; };
		39C3E7752472F69E001AD0CC /* notes */ = {isa = PBXFileReference; lastKnownFileType = folder; path = notes; sourceTree = "<group>"; };
		39C3E7762472F69E001AD0CC /* templateClass.hpp */ = {isa = PBXFileReference; fileEncoding = 4; lastKnownFileType = sourcecode.cpp.h; path = templateClass.hpp; sourceTree = "<group>"; };
		39C3E7772472F69E001AD0CC /* Maybe.cpp */ = {isa = PBXFileReference; fileEncoding = 4; lastKnownFileType = sourcecode.cpp.cpp; path = Maybe.cpp; sourceTree = "<group>"; };
		39C3E7782472F69E001AD0CC /* Stack.h */ = {isa = PBXFileReference; fileEncoding = 4; lastKnownFileType = sourcecode.c.h; path = Stack.h; sourceTree = "<group>"; };
		58AF3769CA8048FFB631E9A5 /* helloworld */ = {isa = PBXFileReference; explicitFileType = "compiled.mach-o.executable"; path = helloworld; sourceTree = BUILT_PRODUCTS_DIR; };
		97F453A6BD8B41F0A1DE6F96 /* main.cpp */ = {isa = PBXFileReference; explicitFileType = sourcecode.cpp.cpp; fileEncoding = 4; path = main.cpp; sourceTree = SOURCE_ROOT; };
		B9C84A6F95B44B0090A04D19 /* CMakeLists.txt */ = {isa = PBXFileReference; explicitFileType = sourcecode.text; fileEncoding = 4; lastKnownFileType = text; path = CMakeLists.txt; sourceTree = SOURCE_ROOT; };
/* End PBXFileReference section */

/* Begin PBXGroup section */
		86307617D112492BB3FFFB11 /* Products */ = {
			isa = PBXGroup;
			children = (
				58AF3769CA8048FFB631E9A5 /* helloworld */,
			);
			name = Products;
			sourceTree = "<group>";
		};
		9CE9AA7BBCFD499AA0D29EC0 /* Source Files */ = {
			isa = PBXGroup;
			children = (
				39C3E7702472F69E001AD0CC /* classHeader.cpp */,
				39C3E7692472F69E001AD0CC /* classHeader.hpp */,
				39C3E7732472F69E001AD0CC /* Comparable.h */,
				39C3E7722472F69E001AD0CC /* functional.cpp */,
				39C3E7712472F69E001AD0CC /* log.cpp */,
				39C3E76C2472F69E001AD0CC /* log.hpp */,
				39C3E7742472F69E001AD0CC /* main_stack.cpp */,
				39C3E7772472F69E001AD0CC /* Maybe.cpp */,
				39C3E76F2472F69E001AD0CC /* Maybe.hpp */,
				39C3E7752472F69E001AD0CC /* notes */,
				39C3E76E2472F69E001AD0CC /* pch.cpp */,
				39C3E76B2472F69E001AD0CC /* pch.h */,
				39C3E76D2472F69E001AD0CC /* Show.cpp */,
				39C3E76A2472F69E001AD0CC /* Show.h */,
				39C3E7782472F69E001AD0CC /* Stack.h */,
				39C3E7762472F69E001AD0CC /* templateClass.hpp */,
				97F453A6BD8B41F0A1DE6F96 /* main.cpp */,
			);
			name = "Source Files";
			sourceTree = "<group>";
		};
		AA06DE88B3BD4C22A802009A /* CMake Rules */ = {
			isa = PBXGroup;
			children = (
			);
			name = "CMake Rules";
			sourceTree = "<group>";
		};
		F07C95098A5D4270880ED74F /* helloworld */ = {
			isa = PBXGroup;
			children = (
				9CE9AA7BBCFD499AA0D29EC0 /* Source Files */,
				0154611BB7DA42FF931A5E41 /* CMakeLists.txt */,
			);
			name = helloworld;
			sourceTree = "<group>";
		};
		F694B60870DF4686BB91B4DB = {
			isa = PBXGroup;
			children = (
				F07C95098A5D4270880ED74F /* helloworld */,
				F6D390C107BC431F8253D819 /* ALL_BUILD */,
				86307617D112492BB3FFFB11 /* Products */,
			);
			sourceTree = "<group>";
		};
		F6D390C107BC431F8253D819 /* ALL_BUILD */ = {
			isa = PBXGroup;
			children = (
				AA06DE88B3BD4C22A802009A /* CMake Rules */,
				B9C84A6F95B44B0090A04D19 /* CMakeLists.txt */,
			);
			name = ALL_BUILD;
			sourceTree = "<group>";
		};
/* End PBXGroup section */

/* Begin PBXNativeTarget section */
		316BE6B015004986B48DDD1A /* helloworld */ = {
			isa = PBXNativeTarget;
			buildConfigurationList = C81039BA703C47C789F969D0 /* Build configuration list for PBXNativeTarget "helloworld" */;
			buildPhases = (
				6CBEE76ABF604709A890C735 /* Sources */,
			);
			buildRules = (
			);
			dependencies = (
				1A6F0E8DD5F94D718E0F437E /* PBXTargetDependency */,
			);
			name = helloworld;
			productName = helloworld;
			productReference = 58AF3769CA8048FFB631E9A5 /* helloworld */;
			productType = "com.apple.product-type.tool";
		};
/* End PBXNativeTarget section */

/* Begin PBXProject section */
		252492CFEF0545BA859C3ACD /* Project object */ = {
			isa = PBXProject;
			attributes = {
				LastUpgradeCheck = 1140;
			};
			buildConfigurationList = 8611ED987CC741578C4EDF7D /* Build configuration list for PBXProject "cpphelloworld" */;
			compatibilityVersion = "Xcode 3.2";
			developmentRegion = en;
			hasScannedForEncodings = 0;
			knownRegions = (
				en,
				Base,
			);
			mainGroup = F694B60870DF4686BB91B4DB;
			projectDirPath = cpphelloworld;
			projectRoot = "";
			targets = (
				2914792646A142299FEA47FE /* ALL_BUILD */,
				0FFAA3DD53514353BC75A639 /* ZERO_CHECK */,
				316BE6B015004986B48DDD1A /* helloworld */,
			);
		};
/* End PBXProject section */

/* Begin PBXShellScriptBuildPhase section */
		90264F5732AD4536B3194B3A /* CMake Rules */ = {
			isa = PBXShellScriptBuildPhase;
			buildActionMask = 2147483647;
			files = (
			);
			name = "CMake Rules";
			runOnlyForDeploymentPostprocessing = 0;
			shellPath = /bin/sh;
			shellScript = "make -C /Users/min/dev/cpphelloworld -f /Users/min/dev/cpphelloworld/CMakeScripts/ZERO_CHECK_cmakeRulesBuildPhase.make$CONFIGURATION OBJDIR=$(basename \"$OBJECT_FILE_DIR_normal\") all";
			showEnvVarsInLog = 0;
		};
		C50944A5EE764AAAAA655791 /* CMake Rules */ = {
			isa = PBXShellScriptBuildPhase;
			buildActionMask = 2147483647;
			files = (
			);
			name = "CMake Rules";
			runOnlyForDeploymentPostprocessing = 0;
			shellPath = /bin/sh;
			shellScript = "make -C /Users/min/dev/cpphelloworld -f /Users/min/dev/cpphelloworld/CMakeScripts/ALL_BUILD_cmakeRulesBuildPhase.make$CONFIGURATION OBJDIR=$(basename \"$OBJECT_FILE_DIR_normal\") all";
			showEnvVarsInLog = 0;
		};
/* End PBXShellScriptBuildPhase section */

/* Begin PBXSourcesBuildPhase section */
		6CBEE76ABF604709A890C735 /* Sources */ = {
			isa = PBXSourcesBuildPhase;
			buildActionMask = 2147483647;
			files = (
				39C3E77F2472F69E001AD0CC /* Maybe.cpp in Sources */,
				39C3E77A2472F69E001AD0CC /* pch.cpp in Sources */,
				39C3E7792472F69E001AD0CC /* Show.cpp in Sources */,
				39C3E77E2472F69E001AD0CC /* main_stack.cpp in Sources */,
				9C01892AD87F437FB1E1D7B9 /* main.cpp in Sources */,
				39C3E77C2472F69E001AD0CC /* log.cpp in Sources */,
				39C3E77D2472F69E001AD0CC /* functional.cpp in Sources */,
				39C3E77B2472F69E001AD0CC /* classHeader.cpp in Sources */,
			);
			runOnlyForDeploymentPostprocessing = 0;
		};
/* End PBXSourcesBuildPhase section */

/* Begin PBXTargetDependency section */
		1A6F0E8DD5F94D718E0F437E /* PBXTargetDependency */ = {
			isa = PBXTargetDependency;
			target = 0FFAA3DD53514353BC75A639 /* ZERO_CHECK */;
			targetProxy = 9DAC30DBC7774AB9B23C6F98 /* PBXContainerItemProxy */;
		};
		CF1E605A477C4B99B14E18F8 /* PBXTargetDependency */ = {
			isa = PBXTargetDependency;
			target = 316BE6B015004986B48DDD1A /* helloworld */;
			targetProxy = CC7A31FA7CE04DBFAE5A5112 /* PBXContainerItemProxy */;
		};
		E1DEBA4A5C9246758D6DE987 /* PBXTargetDependency */ = {
			isa = PBXTargetDependency;
			target = 0FFAA3DD53514353BC75A639 /* ZERO_CHECK */;
			targetProxy = C1B443BBC1634998BBB06571 /* PBXContainerItemProxy */;
		};
/* End PBXTargetDependency section */

/* Begin XCBuildConfiguration section */
		0652A49E83C348F0B31B7ADA /* Release */ = {
			isa = XCBuildConfiguration;
			buildSettings = {
				COMBINE_HIDPI_IMAGES = YES;
				GCC_GENERATE_DEBUGGING_SYMBOLS = YES;
				GCC_INLINES_ARE_PRIVATE_EXTERN = NO;
				GCC_OPTIMIZATION_LEVEL = 0;
				GCC_PREPROCESSOR_DEFINITIONS = "'CMAKE_INTDIR=\"$(CONFIGURATION)$(EFFECTIVE_PLATFORM_NAME)\"'";
				GCC_SYMBOLS_PRIVATE_EXTERN = NO;
				INSTALL_PATH = "";
				OTHER_LDFLAGS = " ";
				OTHER_REZFLAGS = "";
				PRODUCT_NAME = ALL_BUILD;
				SECTORDER_FLAGS = "";
				SYMROOT = /Users/min/dev/cpphelloworld;
				USE_HEADERMAP = NO;
				WARNING_CFLAGS = "$(inherited)";
			};
			name = Release;
		};
		066B5A1FEC4E4337A725658A /* MinSizeRel */ = {
			isa = XCBuildConfiguration;
			buildSettings = {
				ONLY_ACTIVE_ARCH = YES;
				SDKROOT = /Applications/Xcode.app/Contents/Developer/Platforms/MacOSX.platform/Developer/SDKs/MacOSX10.15.sdk;
				SYMROOT = /Users/min/dev/cpphelloworld/build;
			};
			name = MinSizeRel;
		};
		089027E330CC4256AAF6DA1C /* Release */ = {
			isa = XCBuildConfiguration;
			buildSettings = {
				COMBINE_HIDPI_IMAGES = YES;
				GCC_GENERATE_DEBUGGING_SYMBOLS = YES;
				GCC_INLINES_ARE_PRIVATE_EXTERN = NO;
				GCC_OPTIMIZATION_LEVEL = 0;
				GCC_PREPROCESSOR_DEFINITIONS = "'CMAKE_INTDIR=\"$(CONFIGURATION)$(EFFECTIVE_PLATFORM_NAME)\"'";
				GCC_SYMBOLS_PRIVATE_EXTERN = NO;
				INSTALL_PATH = "";
				OTHER_LDFLAGS = " ";
				OTHER_REZFLAGS = "";
				PRODUCT_NAME = ZERO_CHECK;
				SECTORDER_FLAGS = "";
				SYMROOT = /Users/min/dev/cpphelloworld;
				USE_HEADERMAP = NO;
				WARNING_CFLAGS = "$(inherited)";
			};
			name = Release;
		};
		0DDF4A7BEA9D465E812F04F9 /* Debug */ = {
			isa = XCBuildConfiguration;
			buildSettings = {
				ONLY_ACTIVE_ARCH = YES;
				SDKROOT = /Applications/Xcode.app/Contents/Developer/Platforms/MacOSX.platform/Developer/SDKs/MacOSX10.15.sdk;
				SYMROOT = /Users/min/dev/cpphelloworld/build;
			};
			name = Debug;
		};
		3AFE5371D1144499A87283EC /* Debug */ = {
			isa = XCBuildConfiguration;
			buildSettings = {
				COMBINE_HIDPI_IMAGES = YES;
				GCC_GENERATE_DEBUGGING_SYMBOLS = YES;
				GCC_INLINES_ARE_PRIVATE_EXTERN = NO;
				GCC_OPTIMIZATION_LEVEL = 0;
				GCC_PREPROCESSOR_DEFINITIONS = "'CMAKE_INTDIR=\"$(CONFIGURATION)$(EFFECTIVE_PLATFORM_NAME)\"'";
				GCC_SYMBOLS_PRIVATE_EXTERN = NO;
				INSTALL_PATH = "";
				OTHER_LDFLAGS = " ";
				OTHER_REZFLAGS = "";
				PRODUCT_NAME = ZERO_CHECK;
				SECTORDER_FLAGS = "";
				SYMROOT = /Users/min/dev/cpphelloworld;
				USE_HEADERMAP = NO;
				WARNING_CFLAGS = "$(inherited)";
			};
			name = Debug;
		};
		5A8DE99D2F7D4C11861C22A9 /* Release */ = {
			isa = XCBuildConfiguration;
			buildSettings = {
				ONLY_ACTIVE_ARCH = YES;
				SDKROOT = /Applications/Xcode.app/Contents/Developer/Platforms/MacOSX.platform/Developer/SDKs/MacOSX10.15.sdk;
				SYMROOT = /Users/min/dev/cpphelloworld/build;
			};
			name = Release;
		};
		7164A94BFEBA4260A8386BF6 /* RelWithDebInfo */ = {
			isa = XCBuildConfiguration;
			buildSettings = {
				COMBINE_HIDPI_IMAGES = YES;
				GCC_GENERATE_DEBUGGING_SYMBOLS = YES;
				GCC_INLINES_ARE_PRIVATE_EXTERN = NO;
				GCC_OPTIMIZATION_LEVEL = 0;
				GCC_PREPROCESSOR_DEFINITIONS = "'CMAKE_INTDIR=\"$(CONFIGURATION)$(EFFECTIVE_PLATFORM_NAME)\"'";
				GCC_SYMBOLS_PRIVATE_EXTERN = NO;
				INSTALL_PATH = "";
				OTHER_LDFLAGS = " ";
				OTHER_REZFLAGS = "";
				PRODUCT_NAME = ALL_BUILD;
				SECTORDER_FLAGS = "";
				SYMROOT = /Users/min/dev/cpphelloworld;
				USE_HEADERMAP = NO;
				WARNING_CFLAGS = "$(inherited)";
			};
			name = RelWithDebInfo;
		};
		7C8FCAE09D7648D4A13ED473 /* MinSizeRel */ = {
			isa = XCBuildConfiguration;
			buildSettings = {
				COMBINE_HIDPI_IMAGES = YES;
				GCC_GENERATE_DEBUGGING_SYMBOLS = YES;
				GCC_INLINES_ARE_PRIVATE_EXTERN = NO;
				GCC_OPTIMIZATION_LEVEL = 0;
				GCC_PREPROCESSOR_DEFINITIONS = "'CMAKE_INTDIR=\"$(CONFIGURATION)$(EFFECTIVE_PLATFORM_NAME)\"'";
				GCC_SYMBOLS_PRIVATE_EXTERN = NO;
				INSTALL_PATH = "";
				OTHER_LDFLAGS = " ";
				OTHER_REZFLAGS = "";
				PRODUCT_NAME = ZERO_CHECK;
				SECTORDER_FLAGS = "";
				SYMROOT = /Users/min/dev/cpphelloworld;
				USE_HEADERMAP = NO;
				WARNING_CFLAGS = "$(inherited)";
			};
			name = MinSizeRel;
		};
		97CA873390D144078E66EEF0 /* RelWithDebInfo */ = {
			isa = XCBuildConfiguration;
			buildSettings = {
				COMBINE_HIDPI_IMAGES = YES;
				EXECUTABLE_PREFIX = "";
				EXECUTABLE_SUFFIX = "";
				GCC_GENERATE_DEBUGGING_SYMBOLS = YES;
				GCC_INLINES_ARE_PRIVATE_EXTERN = NO;
				GCC_OPTIMIZATION_LEVEL = 2;
				GCC_PREPROCESSOR_DEFINITIONS = "'CMAKE_INTDIR=\"$(CONFIGURATION)$(EFFECTIVE_PLATFORM_NAME)\"'";
				GCC_SYMBOLS_PRIVATE_EXTERN = NO;
				INSTALL_PATH = "";
				LIBRARY_SEARCH_PATHS = "";
				OTHER_CPLUSPLUSFLAGS = (
					"-std=c++14",
					"-DNDEBUG",
				);
				OTHER_LDFLAGS = (
					"-Wl,-search_paths_first",
					"-Wl,-headerpad_max_install_names",
				);
				OTHER_REZFLAGS = "";
				PRODUCT_NAME = helloworld;
				SECTORDER_FLAGS = "";
				SYMROOT = /Users/min/dev/cpphelloworld;
				USE_HEADERMAP = NO;
				WARNING_CFLAGS = "$(inherited)";
			};
			name = RelWithDebInfo;
		};
		9A6E34AEE3DD4006A9E8F9BB /* Debug */ = {
			isa = XCBuildConfiguration;
			buildSettings = {
				COMBINE_HIDPI_IMAGES = YES;
				GCC_GENERATE_DEBUGGING_SYMBOLS = YES;
				GCC_INLINES_ARE_PRIVATE_EXTERN = NO;
				GCC_OPTIMIZATION_LEVEL = 0;
				GCC_PREPROCESSOR_DEFINITIONS = "'CMAKE_INTDIR=\"$(CONFIGURATION)$(EFFECTIVE_PLATFORM_NAME)\"'";
				GCC_SYMBOLS_PRIVATE_EXTERN = NO;
				INSTALL_PATH = "";
				OTHER_LDFLAGS = " ";
				OTHER_REZFLAGS = "";
				PRODUCT_NAME = ALL_BUILD;
				SECTORDER_FLAGS = "";
				SYMROOT = /Users/min/dev/cpphelloworld;
				USE_HEADERMAP = NO;
				WARNING_CFLAGS = "$(inherited)";
			};
			name = Debug;
		};
		9F8FC98CC73D48B4AA1B28BE /* Release */ = {
			isa = XCBuildConfiguration;
			buildSettings = {
				COMBINE_HIDPI_IMAGES = YES;
				EXECUTABLE_PREFIX = "";
				EXECUTABLE_SUFFIX = "";
				GCC_GENERATE_DEBUGGING_SYMBOLS = NO;
				GCC_INLINES_ARE_PRIVATE_EXTERN = NO;
				GCC_OPTIMIZATION_LEVEL = 3;
				GCC_PREPROCESSOR_DEFINITIONS = "'CMAKE_INTDIR=\"$(CONFIGURATION)$(EFFECTIVE_PLATFORM_NAME)\"'";
				GCC_SYMBOLS_PRIVATE_EXTERN = NO;
				INSTALL_PATH = "";
				LIBRARY_SEARCH_PATHS = "";
				OTHER_CPLUSPLUSFLAGS = (
					"-std=c++14",
					"-DNDEBUG",
				);
				OTHER_LDFLAGS = (
					"-Wl,-search_paths_first",
					"-Wl,-headerpad_max_install_names",
				);
				OTHER_REZFLAGS = "";
				PRODUCT_NAME = helloworld;
				SECTORDER_FLAGS = "";
				SYMROOT = /Users/min/dev/cpphelloworld;
				USE_HEADERMAP = NO;
				WARNING_CFLAGS = "$(inherited)";
			};
			name = Release;
		};
		A67610C72DFC40409F15D902 /* RelWithDebInfo */ = {
			isa = XCBuildConfiguration;
			buildSettings = {
				COMBINE_HIDPI_IMAGES = YES;
				GCC_GENERATE_DEBUGGING_SYMBOLS = YES;
				GCC_INLINES_ARE_PRIVATE_EXTERN = NO;
				GCC_OPTIMIZATION_LEVEL = 0;
				GCC_PREPROCESSOR_DEFINITIONS = "'CMAKE_INTDIR=\"$(CONFIGURATION)$(EFFECTIVE_PLATFORM_NAME)\"'";
				GCC_SYMBOLS_PRIVATE_EXTERN = NO;
				INSTALL_PATH = "";
				OTHER_LDFLAGS = " ";
				OTHER_REZFLAGS = "";
				PRODUCT_NAME = ZERO_CHECK;
				SECTORDER_FLAGS = "";
				SYMROOT = /Users/min/dev/cpphelloworld;
				USE_HEADERMAP = NO;
				WARNING_CFLAGS = "$(inherited)";
			};
			name = RelWithDebInfo;
		};
		B16EAC3DE1C9481DAFE72E61 /* Debug */ = {
			isa = XCBuildConfiguration;
			buildSettings = {
				COMBINE_HIDPI_IMAGES = YES;
				EXECUTABLE_PREFIX = "";
				EXECUTABLE_SUFFIX = "";
				GCC_GENERATE_DEBUGGING_SYMBOLS = YES;
				GCC_INLINES_ARE_PRIVATE_EXTERN = NO;
				GCC_OPTIMIZATION_LEVEL = 0;
				GCC_PREPROCESSOR_DEFINITIONS = "'CMAKE_INTDIR=\"$(CONFIGURATION)$(EFFECTIVE_PLATFORM_NAME)\"'";
				GCC_SYMBOLS_PRIVATE_EXTERN = NO;
				INSTALL_PATH = "";
				LIBRARY_SEARCH_PATHS = "";
				OTHER_CPLUSPLUSFLAGS = " -std=c++14     ";
				OTHER_LDFLAGS = (
					"-Wl,-search_paths_first",
					"-Wl,-headerpad_max_install_names",
				);
				OTHER_REZFLAGS = "";
				PRODUCT_NAME = helloworld;
				SECTORDER_FLAGS = "";
				SYMROOT = /Users/min/dev/cpphelloworld;
				USE_HEADERMAP = NO;
				WARNING_CFLAGS = "$(inherited)";
			};
			name = Debug;
		};
		B504439F9D444403B7CB733A /* MinSizeRel */ = {
			isa = XCBuildConfiguration;
			buildSettings = {
				COMBINE_HIDPI_IMAGES = YES;
				GCC_GENERATE_DEBUGGING_SYMBOLS = YES;
				GCC_INLINES_ARE_PRIVATE_EXTERN = NO;
				GCC_OPTIMIZATION_LEVEL = 0;
				GCC_PREPROCESSOR_DEFINITIONS = "'CMAKE_INTDIR=\"$(CONFIGURATION)$(EFFECTIVE_PLATFORM_NAME)\"'";
				GCC_SYMBOLS_PRIVATE_EXTERN = NO;
				INSTALL_PATH = "";
				OTHER_LDFLAGS = " ";
				OTHER_REZFLAGS = "";
				PRODUCT_NAME = ALL_BUILD;
				SECTORDER_FLAGS = "";
				SYMROOT = /Users/min/dev/cpphelloworld;
				USE_HEADERMAP = NO;
				WARNING_CFLAGS = "$(inherited)";
			};
			name = MinSizeRel;
		};
		C7B23DC2B3F64CF98803A1AA /* MinSizeRel */ = {
			isa = XCBuildConfiguration;
			buildSettings = {
				COMBINE_HIDPI_IMAGES = YES;
				EXECUTABLE_PREFIX = "";
				EXECUTABLE_SUFFIX = "";
				GCC_GENERATE_DEBUGGING_SYMBOLS = NO;
				GCC_INLINES_ARE_PRIVATE_EXTERN = NO;
				GCC_OPTIMIZATION_LEVEL = s;
				GCC_PREPROCESSOR_DEFINITIONS = "'CMAKE_INTDIR=\"$(CONFIGURATION)$(EFFECTIVE_PLATFORM_NAME)\"'";
				GCC_SYMBOLS_PRIVATE_EXTERN = NO;
				INSTALL_PATH = "";
				LIBRARY_SEARCH_PATHS = "";
				OTHER_CPLUSPLUSFLAGS = (
					"-std=c++14",
					"-DNDEBUG",
				);
				OTHER_LDFLAGS = (
					"-Wl,-search_paths_first",
					"-Wl,-headerpad_max_install_names",
				);
				OTHER_REZFLAGS = "";
				PRODUCT_NAME = helloworld;
				SECTORDER_FLAGS = "";
				SYMROOT = /Users/min/dev/cpphelloworld;
				USE_HEADERMAP = NO;
				WARNING_CFLAGS = "$(inherited)";
			};
			name = MinSizeRel;
		};
		CA36D5A4F30A44AF83954B98 /* RelWithDebInfo */ = {
			isa = XCBuildConfiguration;
			buildSettings = {
				ONLY_ACTIVE_ARCH = YES;
				SDKROOT = /Applications/Xcode.app/Contents/Developer/Platforms/MacOSX.platform/Developer/SDKs/MacOSX10.15.sdk;
				SYMROOT = /Users/min/dev/cpphelloworld/build;
			};
			name = RelWithDebInfo;
		};
/* End XCBuildConfiguration section */

/* Begin XCConfigurationList section */
		2910DBFB64EA45E68841E768 /* Build configuration list for PBXAggregateTarget "ZERO_CHECK" */ = {
			isa = XCConfigurationList;
			buildConfigurations = (
				3AFE5371D1144499A87283EC /* Debug */,
				089027E330CC4256AAF6DA1C /* Release */,
				7C8FCAE09D7648D4A13ED473 /* MinSizeRel */,
				A67610C72DFC40409F15D902 /* RelWithDebInfo */,
			);
			defaultConfigurationIsVisible = 0;
			defaultConfigurationName = Debug;
		};
		5830E8F64A1949FC8A6CE66E /* Build configuration list for PBXAggregateTarget "ALL_BUILD" */ = {
			isa = XCConfigurationList;
			buildConfigurations = (
				9A6E34AEE3DD4006A9E8F9BB /* Debug */,
				0652A49E83C348F0B31B7ADA /* Release */,
				B504439F9D444403B7CB733A /* MinSizeRel */,
				7164A94BFEBA4260A8386BF6 /* RelWithDebInfo */,
			);
			defaultConfigurationIsVisible = 0;
			defaultConfigurationName = Debug;
		};
		8611ED987CC741578C4EDF7D /* Build configuration list for PBXProject "cpphelloworld" */ = {
			isa = XCConfigurationList;
			buildConfigurations = (
				0DDF4A7BEA9D465E812F04F9 /* Debug */,
				5A8DE99D2F7D4C11861C22A9 /* Release */,
				066B5A1FEC4E4337A725658A /* MinSizeRel */,
				CA36D5A4F30A44AF83954B98 /* RelWithDebInfo */,
			);
			defaultConfigurationIsVisible = 0;
			defaultConfigurationName = Debug;
		};
		C81039BA703C47C789F969D0 /* Build configuration list for PBXNativeTarget "helloworld" */ = {
			isa = XCConfigurationList;
			buildConfigurations = (
				B16EAC3DE1C9481DAFE72E61 /* Debug */,
				9F8FC98CC73D48B4AA1B28BE /* Release */,
				C7B23DC2B3F64CF98803A1AA /* MinSizeRel */,
				97CA873390D144078E66EEF0 /* RelWithDebInfo */,
			);
			defaultConfigurationIsVisible = 0;
			defaultConfigurationName = Debug;
		};
/* End XCConfigurationList section */
	};
	rootObject = 252492CFEF0545BA859C3ACD /* Project object */;
}
